
Microsoft Visual Studio Solution File, Format Version 12.00
# Visual Studio Version 16
VisualStudioVersion = 16.0.29613.14
MinimumVisualStudioVersion = 10.0.40219.1
Project("{9A19103F-16F7-4668-BE54-9A1E7A4F7556}") = "Advantureworks.Web", "Advantureworks.Web\Advantureworks.Web.csproj", "{1551414A-6593-4419-8511-B7671DD0DC0C}"
EndProject
Project("{9A19103F-16F7-4668-BE54-9A1E7A4F7556}") = "Adventureworks.Core", "AdventureWorks.Core\Adventureworks.Core.csproj", "{0C36A10B-41AA-4A91-B853-AA5F2D57AE07}"
EndProject
Global
	GlobalSection(SolutionConfigurationPlatforms) = preSolution
		Debug|Any CPU = Debug|Any CPU
		Release|Any CPU = Release|Any CPU
	EndGlobalSection
	GlobalSection(ProjectConfigurationPlatforms) = postSolution
		{1551414A-6593-4419-8511-B7671DD0DC0C}.Debug|Any CPU.ActiveCfg = Debug|Any CPU
		{1551414A-6593-4419-8511-B7671DD0DC0C}.Debug|Any CPU.Build.0 = Debug|Any CPU
		{1551414A-6593-4419-8511-B7671DD0DC0C}.Release|Any CPU.ActiveCfg = Release|Any CPU
		{1551414A-6593-4419-8511-B7671DD0DC0C}.Release|Any CPU.Build.0 = Release|Any CPU
		{0C36A10B-41AA-4A91-B853-AA5F2D57AE07}.Debug|Any CPU.ActiveCfg = Debug|Any CPU
		{0C36A10B-41AA-4A91-B853-AA5F2D57AE07}.Debug|Any CPU.Build.0 = Debug|Any CPU
		{0C36A10B-41AA-4A91-B853-AA5F2D57AE07}.Release|Any CPU.ActiveCfg = Release|Any CPU
		{0C36A10B-41AA-4A91-B853-AA5F2D57AE07}.Release|Any CPU.Build.0 = Release|Any CPU
	EndGlobalSection
	GlobalSection(SolutionProperties) = preSolution
		HideSolutionNode = FALSE
	EndGlobalSection
	GlobalSection(ExtensibilityGlobals) = postSolution
		SolutionGuid = {926B3E49-5E27-4217-B1B0-80B96E0D3E9B}
	EndGlobalSection
EndGlobal
