
Microsoft Visual Studio Solution File, Format Version 12.00
# Visual Studio Version 16
VisualStudioVersion = 16.0.29326.143
MinimumVisualStudioVersion = 10.0.40219.1
Project("{9A19103F-16F7-4668-BE54-9A1E7A4F7556}") = "Adventureworks.Core", "AdventureWorks.Core\Adventureworks.Core.csproj", "{0C36A10B-41AA-4A91-B853-AA5F2D57AE07}"
EndProject
Project("{9A19103F-16F7-4668-BE54-9A1E7A4F7556}") = "Adventureworks.Web", "Adventureworks.Web\Adventureworks.Web.csproj", "{89EA0351-1252-45C4-B256-43A0B23FFE05}"
EndProject
Project("{9A19103F-16F7-4668-BE54-9A1E7A4F7556}") = "Adventureworks.Orders", "Adventureworks.Orders\Adventureworks.Orders.csproj", "{CFA91160-8D4E-4EEF-86CB-278234DFEC39}"
EndProject
Project("{9A19103F-16F7-4668-BE54-9A1E7A4F7556}") = "Adventureworks.Document", "Document\Adventureworks.Document.csproj", "{D6008A1C-9268-4D6C-B787-972C2F15D75B}"
EndProject
Project("{9A19103F-16F7-4668-BE54-9A1E7A4F7556}") = "DocumentProcessor", "DocumentProcessor\DocumentProcessor.csproj", "{52F868BD-2D64-469A-A497-81C50E20323D}"
EndProject
Project("{9A19103F-16F7-4668-BE54-9A1E7A4F7556}") = "DocumentProducer", "DocumentProducer\DocumentProducer.csproj", "{114EC024-255C-4FA5-BC4C-92459FD1A3E8}"
EndProject
Global
	GlobalSection(SolutionConfigurationPlatforms) = preSolution
		Debug|Any CPU = Debug|Any CPU
		Release|Any CPU = Release|Any CPU
	EndGlobalSection
	GlobalSection(ProjectConfigurationPlatforms) = postSolution
		{0C36A10B-41AA-4A91-B853-AA5F2D57AE07}.Debug|Any CPU.ActiveCfg = Debug|Any CPU
		{0C36A10B-41AA-4A91-B853-AA5F2D57AE07}.Debug|Any CPU.Build.0 = Debug|Any CPU
		{0C36A10B-41AA-4A91-B853-AA5F2D57AE07}.Release|Any CPU.ActiveCfg = Release|Any CPU
		{0C36A10B-41AA-4A91-B853-AA5F2D57AE07}.Release|Any CPU.Build.0 = Release|Any CPU
		{89EA0351-1252-45C4-B256-43A0B23FFE05}.Debug|Any CPU.ActiveCfg = Debug|Any CPU
		{89EA0351-1252-45C4-B256-43A0B23FFE05}.Debug|Any CPU.Build.0 = Debug|Any CPU
		{89EA0351-1252-45C4-B256-43A0B23FFE05}.Release|Any CPU.ActiveCfg = Release|Any CPU
		{89EA0351-1252-45C4-B256-43A0B23FFE05}.Release|Any CPU.Build.0 = Release|Any CPU
		{CFA91160-8D4E-4EEF-86CB-278234DFEC39}.Debug|Any CPU.ActiveCfg = Debug|Any CPU
		{CFA91160-8D4E-4EEF-86CB-278234DFEC39}.Debug|Any CPU.Build.0 = Debug|Any CPU
		{CFA91160-8D4E-4EEF-86CB-278234DFEC39}.Release|Any CPU.ActiveCfg = Release|Any CPU
		{CFA91160-8D4E-4EEF-86CB-278234DFEC39}.Release|Any CPU.Build.0 = Release|Any CPU
		{D6008A1C-9268-4D6C-B787-972C2F15D75B}.Debug|Any CPU.ActiveCfg = Debug|Any CPU
		{D6008A1C-9268-4D6C-B787-972C2F15D75B}.Debug|Any CPU.Build.0 = Debug|Any CPU
		{D6008A1C-9268-4D6C-B787-972C2F15D75B}.Release|Any CPU.ActiveCfg = Release|Any CPU
		{D6008A1C-9268-4D6C-B787-972C2F15D75B}.Release|Any CPU.Build.0 = Release|Any CPU
		{52F868BD-2D64-469A-A497-81C50E20323D}.Debug|Any CPU.ActiveCfg = Debug|Any CPU
		{52F868BD-2D64-469A-A497-81C50E20323D}.Debug|Any CPU.Build.0 = Debug|Any CPU
		{52F868BD-2D64-469A-A497-81C50E20323D}.Release|Any CPU.ActiveCfg = Release|Any CPU
		{52F868BD-2D64-469A-A497-81C50E20323D}.Release|Any CPU.Build.0 = Release|Any CPU
		{114EC024-255C-4FA5-BC4C-92459FD1A3E8}.Debug|Any CPU.ActiveCfg = Debug|Any CPU
		{114EC024-255C-4FA5-BC4C-92459FD1A3E8}.Debug|Any CPU.Build.0 = Debug|Any CPU
		{114EC024-255C-4FA5-BC4C-92459FD1A3E8}.Release|Any CPU.ActiveCfg = Release|Any CPU
		{114EC024-255C-4FA5-BC4C-92459FD1A3E8}.Release|Any CPU.Build.0 = Release|Any CPU
	EndGlobalSection
	GlobalSection(SolutionProperties) = preSolution
		HideSolutionNode = FALSE
	EndGlobalSection
	GlobalSection(ExtensibilityGlobals) = postSolution
		SolutionGuid = {926B3E49-5E27-4217-B1B0-80B96E0D3E9B}
	EndGlobalSection
EndGlobal
